// !$*UTF8*$!
{
	archiveVersion = 1;
	classes = {
	};
	objectVersion = 46;
	objects = {

/* Begin PBXBuildFile section */
		C92BBE5E1985F0DD008A8CC2 /* Traits.swift in Sources */ = {isa = PBXBuildFile; fileRef = C92BBE5D1985F0DD008A8CC2 /* Traits.swift */; };
		C92BBE601985F171008A8CC2 /* Decks.swift in Sources */ = {isa = PBXBuildFile; fileRef = C92BBE5F1985F171008A8CC2 /* Decks.swift */; };
		C96EC7671973073600FDDF2A /* AppDelegate.swift in Sources */ = {isa = PBXBuildFile; fileRef = C96EC7661973073600FDDF2A /* AppDelegate.swift */; };
		C96EC7691973073600FDDF2A /* ViewController.swift in Sources */ = {isa = PBXBuildFile; fileRef = C96EC7681973073600FDDF2A /* ViewController.swift */; };
		C96EC76C1973073600FDDF2A /* Main.storyboard in Resources */ = {isa = PBXBuildFile; fileRef = C96EC76A1973073600FDDF2A /* Main.storyboard */; };
		C96EC76E1973073600FDDF2A /* Images.xcassets in Resources */ = {isa = PBXBuildFile; fileRef = C96EC76D1973073600FDDF2A /* Images.xcassets */; };
		C96EC77A1973073700FDDF2A /* EvolutionTests.swift in Sources */ = {isa = PBXBuildFile; fileRef = C96EC7791973073700FDDF2A /* EvolutionTests.swift */; };
		C96EC784197307A700FDDF2A /* EvolutionModel.swift in Sources */ = {isa = PBXBuildFile; fileRef = C96EC783197307A700FDDF2A /* EvolutionModel.swift */; };
/* End PBXBuildFile section */

/* Begin PBXContainerItemProxy section */
		C96EC7741973073700FDDF2A /* PBXContainerItemProxy */ = {
			isa = PBXContainerItemProxy;
			containerPortal = C96EC7591973073600FDDF2A /* Project object */;
			proxyType = 1;
			remoteGlobalIDString = C96EC7601973073600FDDF2A;
			remoteInfo = Evolution;
		};
/* End PBXContainerItemProxy section */

/* Begin PBXFileReference section */
		C92BBE5D1985F0DD008A8CC2 /* Traits.swift */ = {isa = PBXFileReference; fileEncoding = 4; lastKnownFileType = sourcecode.swift; path = Traits.swift; sourceTree = "<group>"; };
		C92BBE5F1985F171008A8CC2 /* Decks.swift */ = {isa = PBXFileReference; fileEncoding = 4; lastKnownFileType = sourcecode.swift; path = Decks.swift; sourceTree = "<group>"; };
		C96EC7611973073600FDDF2A /* Evolution.app */ = {isa = PBXFileReference; explicitFileType = wrapper.application; includeInIndex = 0; path = Evolution.app; sourceTree = BUILT_PRODUCTS_DIR; };
		C96EC7651973073600FDDF2A /* Info.plist */ = {isa = PBXFileReference; lastKnownFileType = text.plist.xml; path = Info.plist; sourceTree = "<group>"; };
		C96EC7661973073600FDDF2A /* AppDelegate.swift */ = {isa = PBXFileReference; lastKnownFileType = sourcecode.swift; path = AppDelegate.swift; sourceTree = "<group>"; };
		C96EC7681973073600FDDF2A /* ViewController.swift */ = {isa = PBXFileReference; lastKnownFileType = sourcecode.swift; path = ViewController.swift; sourceTree = "<group>"; };
		C96EC76B1973073600FDDF2A /* Base */ = {isa = PBXFileReference; lastKnownFileType = file.storyboard; name = Base; path = Base.lproj/Main.storyboard; sourceTree = "<group>"; };
		C96EC76D1973073600FDDF2A /* Images.xcassets */ = {isa = PBXFileReference; lastKnownFileType = folder.assetcatalog; path = Images.xcassets; sourceTree = "<group>"; };
		C96EC7731973073700FDDF2A /* EvolutionTests.xctest */ = {isa = PBXFileReference; explicitFileType = wrapper.cfbundle; includeInIndex = 0; path = EvolutionTests.xctest; sourceTree = BUILT_PRODUCTS_DIR; };
		C96EC7781973073700FDDF2A /* Info.plist */ = {isa = PBXFileReference; lastKnownFileType = text.plist.xml; path = Info.plist; sourceTree = "<group>"; };
		C96EC7791973073700FDDF2A /* EvolutionTests.swift */ = {isa = PBXFileReference; lastKnownFileType = sourcecode.swift; path = EvolutionTests.swift; sourceTree = "<group>"; };
		C96EC783197307A700FDDF2A /* EvolutionModel.swift */ = {isa = PBXFileReference; fileEncoding = 4; lastKnownFileType = sourcecode.swift; path = EvolutionModel.swift; sourceTree = "<group>"; };
/* End PBXFileReference section */

/* Begin PBXFrameworksBuildPhase section */
		C96EC75E1973073600FDDF2A /* Frameworks */ = {
			isa = PBXFrameworksBuildPhase;
			buildActionMask = 2147483647;
			files = (
			);
			runOnlyForDeploymentPostprocessing = 0;
		};
		C96EC7701973073700FDDF2A /* Frameworks */ = {
			isa = PBXFrameworksBuildPhase;
			buildActionMask = 2147483647;
			files = (
			);
			runOnlyForDeploymentPostprocessing = 0;
		};
/* End PBXFrameworksBuildPhase section */

/* Begin PBXGroup section */
		C96EC7581973073600FDDF2A = {
			isa = PBXGroup;
			children = (
				C92BBE5F1985F171008A8CC2 /* Decks.swift */,
				C92BBE5D1985F0DD008A8CC2 /* Traits.swift */,
				C96EC783197307A700FDDF2A /* EvolutionModel.swift */,
				C96EC7631973073600FDDF2A /* Evolution */,
				C96EC7761973073700FDDF2A /* EvolutionTests */,
				C96EC7621973073600FDDF2A /* Products */,
			);
			sourceTree = "<group>";
		};
		C96EC7621973073600FDDF2A /* Products */ = {
			isa = PBXGroup;
			children = (
				C96EC7611973073600FDDF2A /* Evolution.app */,
				C96EC7731973073700FDDF2A /* EvolutionTests.xctest */,
			);
			name = Products;
			sourceTree = "<group>";
		};
		C96EC7631973073600FDDF2A /* Evolution */ = {
			isa = PBXGroup;
			children = (
				C96EC7661973073600FDDF2A /* AppDelegate.swift */,
				C96EC7681973073600FDDF2A /* ViewController.swift */,
				C96EC76A1973073600FDDF2A /* Main.storyboard */,
				C96EC76D1973073600FDDF2A /* Images.xcassets */,
				C96EC7641973073600FDDF2A /* Supporting Files */,
			);
			path = Evolution;
			sourceTree = "<group>";
		};
		C96EC7641973073600FDDF2A /* Supporting Files */ = {
			isa = PBXGroup;
			children = (
				C96EC7651973073600FDDF2A /* Info.plist */,
			);
			name = "Supporting Files";
			sourceTree = "<group>";
		};
		C96EC7761973073700FDDF2A /* EvolutionTests */ = {
			isa = PBXGroup;
			children = (
				C96EC7791973073700FDDF2A /* EvolutionTests.swift */,
				C96EC7771973073700FDDF2A /* Supporting Files */,
			);
			path = EvolutionTests;
			sourceTree = "<group>";
		};
		C96EC7771973073700FDDF2A /* Supporting Files */ = {
			isa = PBXGroup;
			children = (
				C96EC7781973073700FDDF2A /* Info.plist */,
			);
			name = "Supporting Files";
			sourceTree = "<group>";
		};
/* End PBXGroup section */

/* Begin PBXNativeTarget section */
		C96EC7601973073600FDDF2A /* Evolution */ = {
			isa = PBXNativeTarget;
			buildConfigurationList = C96EC77D1973073700FDDF2A /* Build configuration list for PBXNativeTarget "Evolution" */;
			buildPhases = (
				C96EC75D1973073600FDDF2A /* Sources */,
				C96EC75E1973073600FDDF2A /* Frameworks */,
				C96EC75F1973073600FDDF2A /* Resources */,
			);
			buildRules = (
			);
			dependencies = (
			);
			name = Evolution;
			productName = Evolution;
			productReference = C96EC7611973073600FDDF2A /* Evolution.app */;
			productType = "com.apple.product-type.application";
		};
		C96EC7721973073700FDDF2A /* EvolutionTests */ = {
			isa = PBXNativeTarget;
			buildConfigurationList = C96EC7801973073700FDDF2A /* Build configuration list for PBXNativeTarget "EvolutionTests" */;
			buildPhases = (
				C96EC76F1973073700FDDF2A /* Sources */,
				C96EC7701973073700FDDF2A /* Frameworks */,
				C96EC7711973073700FDDF2A /* Resources */,
			);
			buildRules = (
			);
			dependencies = (
				C96EC7751973073700FDDF2A /* PBXTargetDependency */,
			);
			name = EvolutionTests;
			productName = EvolutionTests;
			productReference = C96EC7731973073700FDDF2A /* EvolutionTests.xctest */;
			productType = "com.apple.product-type.bundle.unit-test";
		};
/* End PBXNativeTarget section */

/* Begin PBXProject section */
		C96EC7591973073600FDDF2A /* Project object */ = {
			isa = PBXProject;
			attributes = {
				LastUpgradeCheck = 0600;
				ORGANIZATIONNAME = Matt;
				TargetAttributes = {
					C96EC7601973073600FDDF2A = {
						CreatedOnToolsVersion = 6.0;
					};
					C96EC7721973073700FDDF2A = {
						CreatedOnToolsVersion = 6.0;
						TestTargetID = C96EC7601973073600FDDF2A;
					};
				};
			};
			buildConfigurationList = C96EC75C1973073600FDDF2A /* Build configuration list for PBXProject "Evolution" */;
			compatibilityVersion = "Xcode 3.2";
			developmentRegion = English;
			hasScannedForEncodings = 0;
			knownRegions = (
				en,
				Base,
			);
			mainGroup = C96EC7581973073600FDDF2A;
			productRefGroup = C96EC7621973073600FDDF2A /* Products */;
			projectDirPath = "";
			projectRoot = "";
			targets = (
				C96EC7601973073600FDDF2A /* Evolution */,
				C96EC7721973073700FDDF2A /* EvolutionTests */,
			);
		};
/* End PBXProject section */

/* Begin PBXResourcesBuildPhase section */
		C96EC75F1973073600FDDF2A /* Resources */ = {
			isa = PBXResourcesBuildPhase;
			buildActionMask = 2147483647;
			files = (
				C96EC76C1973073600FDDF2A /* Main.storyboard in Resources */,
				C96EC76E1973073600FDDF2A /* Images.xcassets in Resources */,
			);
			runOnlyForDeploymentPostprocessing = 0;
		};
		C96EC7711973073700FDDF2A /* Resources */ = {
			isa = PBXResourcesBuildPhase;
			buildActionMask = 2147483647;
			files = (
			);
			runOnlyForDeploymentPostprocessing = 0;
		};
/* End PBXResourcesBuildPhase section */

/* Begin PBXSourcesBuildPhase section */
		C96EC75D1973073600FDDF2A /* Sources */ = {
			isa = PBXSourcesBuildPhase;
			buildActionMask = 2147483647;
			files = (
				C96EC7691973073600FDDF2A /* ViewController.swift in Sources */,
				C92BBE601985F171008A8CC2 /* Decks.swift in Sources */,
				C96EC784197307A700FDDF2A /* EvolutionModel.swift in Sources */,
				C92BBE5E1985F0DD008A8CC2 /* Traits.swift in Sources */,
				C96EC7671973073600FDDF2A /* AppDelegate.swift in Sources */,
			);
			runOnlyForDeploymentPostprocessing = 0;
		};
		C96EC76F1973073700FDDF2A /* Sources */ = {
			isa = PBXSourcesBuildPhase;
			buildActionMask = 2147483647;
			files = (
				C96EC77A1973073700FDDF2A /* EvolutionTests.swift in Sources */,
			);
			runOnlyForDeploymentPostprocessing = 0;
		};
/* End PBXSourcesBuildPhase section */

/* Begin PBXTargetDependency section */
		C96EC7751973073700FDDF2A /* PBXTargetDependency */ = {
			isa = PBXTargetDependency;
			target = C96EC7601973073600FDDF2A /* Evolution */;
			targetProxy = C96EC7741973073700FDDF2A /* PBXContainerItemProxy */;
		};
/* End PBXTargetDependency section */

/* Begin PBXVariantGroup section */
		C96EC76A1973073600FDDF2A /* Main.storyboard */ = {
			isa = PBXVariantGroup;
			children = (
				C96EC76B1973073600FDDF2A /* Base */,
			);
			name = Main.storyboard;
			sourceTree = "<group>";
		};
/* End PBXVariantGroup section */

/* Begin XCBuildConfiguration section */
		C96EC77B1973073700FDDF2A /* Debug */ = {
			isa = XCBuildConfiguration;
			buildSettings = {
				ALWAYS_SEARCH_USER_PATHS = NO;
				CLANG_CXX_LANGUAGE_STANDARD = "gnu++0x";
				CLANG_CXX_LIBRARY = "libc++";
				CLANG_ENABLE_MODULES = YES;
				CLANG_ENABLE_OBJC_ARC = YES;
				CLANG_WARN_BOOL_CONVERSION = YES;
				CLANG_WARN_CONSTANT_CONVERSION = YES;
				CLANG_WARN_DIRECT_OBJC_ISA_USAGE = YES_ERROR;
				CLANG_WARN_EMPTY_BODY = YES;
				CLANG_WARN_ENUM_CONVERSION = YES;
				CLANG_WARN_INT_CONVERSION = YES;
				CLANG_WARN_OBJC_ROOT_CLASS = YES_ERROR;
				CLANG_WARN_UNREACHABLE_CODE = YES;
				CLANG_WARN__DUPLICATE_METHOD_MATCH = YES;
				"CODE_SIGN_IDENTITY[sdk=iphoneos*]" = "iPhone Developer";
				COPY_PHASE_STRIP = NO;
				ENABLE_STRICT_OBJC_MSGSEND = YES;
				GCC_C_LANGUAGE_STANDARD = gnu99;
				GCC_DYNAMIC_NO_PIC = NO;
				GCC_OPTIMIZATION_LEVEL = 0;
				GCC_PREPROCESSOR_DEFINITIONS = (
					"DEBUG=1",
					"$(inherited)",
				);
				GCC_SYMBOLS_PRIVATE_EXTERN = NO;
				GCC_WARN_64_TO_32_BIT_CONVERSION = YES;
				GCC_WARN_ABOUT_RETURN_TYPE = YES_ERROR;
				GCC_WARN_UNDECLARED_SELECTOR = YES;
				GCC_WARN_UNINITIALIZED_AUTOS = YES_AGGRESSIVE;
				GCC_WARN_UNUSED_FUNCTION = YES;
				GCC_WARN_UNUSED_VARIABLE = YES;
				IPHONEOS_DEPLOYMENT_TARGET = 8.0;
				MTL_ENABLE_DEBUG_INFO = YES;
				ONLY_ACTIVE_ARCH = YES;
				SDKROOT = iphoneos;
				SWIFT_OPTIMIZATION_LEVEL = "-Onone";
				TARGETED_DEVICE_FAMILY = "1,2";
			};
			name = Debug;
		};
		C96EC77C1973073700FDDF2A /* Release */ = {
			isa = XCBuildConfiguration;
			buildSettings = {
				ALWAYS_SEARCH_USER_PATHS = NO;
				CLANG_CXX_LANGUAGE_STANDARD = "gnu++0x";
				CLANG_CXX_LIBRARY = "libc++";
				CLANG_ENABLE_MODULES = YES;
				CLANG_ENABLE_OBJC_ARC = YES;
				CLANG_WARN_BOOL_CONVERSION = YES;
				CLANG_WARN_CONSTANT_CONVERSION = YES;
				CLANG_WARN_DIRECT_OBJC_ISA_USAGE = YES_ERROR;
				CLANG_WARN_EMPTY_BODY = YES;
				CLANG_WARN_ENUM_CONVERSION = YES;
				CLANG_WARN_INT_CONVERSION = YES;
				CLANG_WARN_OBJC_ROOT_CLASS = YES_ERROR;
				CLANG_WARN_UNREACHABLE_CODE = YES;
				CLANG_WARN__DUPLICATE_METHOD_MATCH = YES;
				"CODE_SIGN_IDENTITY[sdk=iphoneos*]" = "iPhone Developer";
				COPY_PHASE_STRIP = YES;
				ENABLE_NS_ASSERTIONS = NO;
				ENABLE_STRICT_OBJC_MSGSEND = YES;
				GCC_C_LANGUAGE_STANDARD = gnu99;
				GCC_WARN_64_TO_32_BIT_CONVERSION = YES;
				GCC_WARN_ABOUT_RETURN_TYPE = YES_ERROR;
				GCC_WARN_UNDECLARED_SELECTOR = YES;
				GCC_WARN_UNINITIALIZED_AUTOS = YES_AGGRESSIVE;
				GCC_WARN_UNUSED_FUNCTION = YES;
				GCC_WARN_UNUSED_VARIABLE = YES;
				IPHONEOS_DEPLOYMENT_TARGET = 8.0;
				MTL_ENABLE_DEBUG_INFO = NO;
				SDKROOT = iphoneos;
				TARGETED_DEVICE_FAMILY = "1,2";
				VALIDATE_PRODUCT = YES;
			};
			name = Release;
		};
		C96EC77E1973073700FDDF2A /* Debug */ = {
			isa = XCBuildConfiguration;
			buildSettings = {
				ASSETCATALOG_COMPILER_APPICON_NAME = AppIcon;
				ASSETCATALOG_COMPILER_LAUNCHIMAGE_NAME = LaunchImage;
				INFOPLIST_FILE = Evolution/Info.plist;
				LD_RUNPATH_SEARCH_PATHS = "$(inherited) @executable_path/Frameworks";
				PRODUCT_NAME = "$(TARGET_NAME)";
			};
			name = Debug;
		};
		C96EC77F1973073700FDDF2A /* Release */ = {
			isa = XCBuildConfiguration;
			buildSettings = {
				ASSETCATALOG_COMPILER_APPICON_NAME = AppIcon;
				ASSETCATALOG_COMPILER_LAUNCHIMAGE_NAME = LaunchImage;
				INFOPLIST_FILE = Evolution/Info.plist;
				LD_RUNPATH_SEARCH_PATHS = "$(inherited) @executable_path/Frameworks";
				PRODUCT_NAME = "$(TARGET_NAME)";
			};
			name = Release;
		};
		C96EC7811973073700FDDF2A /* Debug */ = {
			isa = XCBuildConfiguration;
			buildSettings = {
				BUNDLE_LOADER = "$(BUILT_PRODUCTS_DIR)/Evolution.app/Evolution";
				FRAMEWORK_SEARCH_PATHS = (
					"$(SDKROOT)/Developer/Library/Frameworks",
					"$(inherited)",
				);
				GCC_PREPROCESSOR_DEFINITIONS = (
					"DEBUG=1",
					"$(inherited)",
				);
				INFOPLIST_FILE = EvolutionTests/Info.plist;
				LD_RUNPATH_SEARCH_PATHS = "$(inherited) @executable_path/Frameworks @loader_path/Frameworks";
				PRODUCT_NAME = "$(TARGET_NAME)";
				TEST_HOST = "$(BUNDLE_LOADER)";
			};
			name = Debug;
		};
		C96EC7821973073700FDDF2A /* Release */ = {
			isa = XCBuildConfiguration;
			buildSettings = {
				BUNDLE_LOADER = "$(BUILT_PRODUCTS_DIR)/Evolution.app/Evolution";
				FRAMEWORK_SEARCH_PATHS = (
					"$(SDKROOT)/Developer/Library/Frameworks",
					"$(inherited)",
				);
				INFOPLIST_FILE = EvolutionTests/Info.plist;
				LD_RUNPATH_SEARCH_PATHS = "$(inherited) @executable_path/Frameworks @loader_path/Frameworks";
				PRODUCT_NAME = "$(TARGET_NAME)";
				TEST_HOST = "$(BUNDLE_LOADER)";
			};
			name = Release;
		};
/* End XCBuildConfiguration section */

/* Begin XCConfigurationList section */
		C96EC75C1973073600FDDF2A /* Build configuration list for PBXProject "Evolution" */ = {
			isa = XCConfigurationList;
			buildConfigurations = (
				C96EC77B1973073700FDDF2A /* Debug */,
				C96EC77C1973073700FDDF2A /* Release */,
			);
			defaultConfigurationIsVisible = 0;
			defaultConfigurationName = Release;
		};
		C96EC77D1973073700FDDF2A /* Build configuration list for PBXNativeTarget "Evolution" */ = {
			isa = XCConfigurationList;
			buildConfigurations = (
				C96EC77E1973073700FDDF2A /* Debug */,
				C96EC77F1973073700FDDF2A /* Release */,
			);
			defaultConfigurationIsVisible = 0;
			defaultConfigurationName = Release;
		};
		C96EC7801973073700FDDF2A /* Build configuration list for PBXNativeTarget "EvolutionTests" */ = {
			isa = XCConfigurationList;
			buildConfigurations = (
				C96EC7811973073700FDDF2A /* Debug */,
				C96EC7821973073700FDDF2A /* Release */,
			);
			defaultConfigurationIsVisible = 0;
			defaultConfigurationName = Release;
		};
/* End XCConfigurationList section */
	};
	rootObject = C96EC7591973073600FDDF2A /* Project object */;
}
